
Microsoft Visual Studio Solution File, Format Version 12.00
# Visual Studio Version 17
VisualStudioVersion = 17.5.33530.505
MinimumVisualStudioVersion = 10.0.40219.1
Project("{FAE04EC0-301F-11D3-BF4B-00C04F79EFBC}") = "RentACar.WebAPI", "RentACar.WebAPI\RentACar.WebAPI.csproj", "{4CBD230F-446E-42A7-A70B-AB9DCF44752D}"
EndProject
Global
	GlobalSection(SolutionConfigurationPlatforms) = preSolution
		Debug|Any CPU = Debug|Any CPU
		Release|Any CPU = Release|Any CPU
	EndGlobalSection
	GlobalSection(ProjectConfigurationPlatforms) = postSolution
		{4CBD230F-446E-42A7-A70B-AB9DCF44752D}.Debug|Any CPU.ActiveCfg = Debug|Any CPU
		{4CBD230F-446E-42A7-A70B-AB9DCF44752D}.Debug|Any CPU.Build.0 = Debug|Any CPU
		{4CBD230F-446E-42A7-A70B-AB9DCF44752D}.Release|Any CPU.ActiveCfg = Release|Any CPU
		{4CBD230F-446E-42A7-A70B-AB9DCF44752D}.Release|Any CPU.Build.0 = Release|Any CPU
	EndGlobalSection
	GlobalSection(SolutionProperties) = preSolution
		HideSolutionNode = FALSE
	EndGlobalSection
	GlobalSection(ExtensibilityGlobals) = postSolution
		SolutionGuid = {9A547CAD-7132-4DA5-8BE7-B9EE00FCC01A}
	EndGlobalSection
EndGlobal
